
Microsoft Visual Studio Solution File, Format Version 12.00
# Visual Studio Version 16
VisualStudioVersion = 16.0.28711.60
MinimumVisualStudioVersion = 10.0.40219.1
Project("{00D1A9C2-B5F0-4AF3-8072-F6C62B433612}") = "Corkscrew_ConfigDB", "Corkscrew_ConfigDB\Corkscrew_ConfigDB.sqlproj", "{4376E77B-DE72-4702-B0B4-6DFAEF83FAF6}"
EndProject
Project("{FAE04EC0-301F-11D3-BF4B-00C04F79EFBC}") = "Explorer", "CorkscrewExplorer\Explorer.csproj", "{90AAA259-56EA-494E-8FD5-C4CCEB8CC5B6}"
EndProject
Project("{FAE04EC0-301F-11D3-BF4B-00C04F79EFBC}") = "WorkflowService", "CorkscrewWorkflowService\WorkflowService.csproj", "{28F62E8B-AFEF-4314-B230-6AC69970A1FE}"
EndProject
Project("{FAE04EC0-301F-11D3-BF4B-00C04F79EFBC}") = "API", "CorkscrewAPI\API.csproj", "{90D845C9-1C32-4746-B3E6-7AA51373FF2E}"
EndProject
Project("{FAE04EC0-301F-11D3-BF4B-00C04F79EFBC}") = "ControlCenter", "ControlCenter\ControlCenter.csproj", "{8F6CC502-FF97-4D8A-B069-FDAB0C272C89}"
EndProject
Project("{FAE04EC0-301F-11D3-BF4B-00C04F79EFBC}") = "InstallWorkflow", "CorkscrewInstallWorkflow\InstallWorkflow.csproj", "{4D85010F-28E7-4DA2-8196-2084B075C39D}"
EndProject
Project("{FAE04EC0-301F-11D3-BF4B-00C04F79EFBC}") = "SDK.ActiveDirectory", "SDK.ActiveDirectory\SDK.ActiveDirectory.csproj", "{FA8EE42F-31D0-4209-95B7-20F6DF16433F}"
EndProject
Project("{FAE04EC0-301F-11D3-BF4B-00C04F79EFBC}") = "ImportExportTool", "ImportExportTool\ImportExportTool.csproj", "{2E8E0CC4-0BBA-42E6-AB5A-D601CF1AAA47}"
EndProject
Project("{FAE04EC0-301F-11D3-BF4B-00C04F79EFBC}") = "SDK.ExcelImportExport", "SDK.ExcelImportExport\SDK.ExcelImportExport.csproj", "{5B3466CC-449F-4F35-A36C-B19D58AB108F}"
EndProject
Project("{FAE04EC0-301F-11D3-BF4B-00C04F79EFBC}") = "SDK.Zip", "SDK.Zip\SDK.Zip.csproj", "{E1E2BFAC-6318-4A5B-9DB0-42211ACB8880}"
EndProject
Project("{FAE04EC0-301F-11D3-BF4B-00C04F79EFBC}") = "Setup", "Setup\Setup.csproj", "{957C0314-9224-45C2-B696-82983EE66C7B}"
	ProjectSection(ProjectDependencies) = postProject
		{8F6CC502-FF97-4D8A-B069-FDAB0C272C89} = {8F6CC502-FF97-4D8A-B069-FDAB0C272C89}
		{6449F706-F9DE-4D57-A06A-6EDE3E9572F5} = {6449F706-F9DE-4D57-A06A-6EDE3E9572F5}
		{4D85010F-28E7-4DA2-8196-2084B075C39D} = {4D85010F-28E7-4DA2-8196-2084B075C39D}
		{FA8EE42F-31D0-4209-95B7-20F6DF16433F} = {FA8EE42F-31D0-4209-95B7-20F6DF16433F}
		{90AAA259-56EA-494E-8FD5-C4CCEB8CC5B6} = {90AAA259-56EA-494E-8FD5-C4CCEB8CC5B6}
		{4376E77B-DE72-4702-B0B4-6DFAEF83FAF6} = {4376E77B-DE72-4702-B0B4-6DFAEF83FAF6}
		{28F62E8B-AFEF-4314-B230-6AC69970A1FE} = {28F62E8B-AFEF-4314-B230-6AC69970A1FE}
		{44432590-AF5A-44BF-82C7-4076486B11A5} = {44432590-AF5A-44BF-82C7-4076486B11A5}
		{E1E2BFAC-6318-4A5B-9DB0-42211ACB8880} = {E1E2BFAC-6318-4A5B-9DB0-42211ACB8880}
		{2E8E0CC4-0BBA-42E6-AB5A-D601CF1AAA47} = {2E8E0CC4-0BBA-42E6-AB5A-D601CF1AAA47}
		{90D845C9-1C32-4746-B3E6-7AA51373FF2E} = {90D845C9-1C32-4746-B3E6-7AA51373FF2E}
		{5B3466CC-449F-4F35-A36C-B19D58AB108F} = {5B3466CC-449F-4F35-A36C-B19D58AB108F}
		{661FFBF2-17A1-4A10-85F7-9A13B6CFD9FB} = {661FFBF2-17A1-4A10-85F7-9A13B6CFD9FB}
		{8C3997F4-26E4-419F-958D-6DBF18D5D0DD} = {8C3997F4-26E4-419F-958D-6DBF18D5D0DD}
	EndProjectSection
EndProject
Project("{FAE04EC0-301F-11D3-BF4B-00C04F79EFBC}") = "SDK", "SDK\SDK.csproj", "{D2C78AFF-501D-41A1-8EF1-7BE33BD5F689}"
EndProject
Project("{FAE04EC0-301F-11D3-BF4B-00C04F79EFBC}") = "Drive", "CorkscrewDrive\Drive.csproj", "{8C3997F4-26E4-419F-958D-6DBF18D5D0DD}"
EndProject
Project("{FAE04EC0-301F-11D3-BF4B-00C04F79EFBC}") = "InstantFileBackupWorkflow", "InstantFileBackupWorkflow\InstantFileBackupWorkflow.csproj", "{661FFBF2-17A1-4A10-85F7-9A13B6CFD9FB}"
EndProject
Project("{FAE04EC0-301F-11D3-BF4B-00C04F79EFBC}") = "SDK.MySQL", "SDK.MySQL\SDK.MySQL.csproj", "{6449F706-F9DE-4D57-A06A-6EDE3E9572F5}"
EndProject
Project("{FAE04EC0-301F-11D3-BF4B-00C04F79EFBC}") = "ProvisionWebsite", "ProvisionWebsite\ProvisionWebsite.csproj", "{44432590-AF5A-44BF-82C7-4076486B11A5}"
EndProject
Global
	GlobalSection(SolutionConfigurationPlatforms) = preSolution
		Debug|Any CPU = Debug|Any CPU
		Debug|x86 = Debug|x86
		Release|Any CPU = Release|Any CPU
		Release|x86 = Release|x86
	EndGlobalSection
	GlobalSection(ProjectConfigurationPlatforms) = postSolution
		{4376E77B-DE72-4702-B0B4-6DFAEF83FAF6}.Debug|Any CPU.ActiveCfg = Debug|Any CPU
		{4376E77B-DE72-4702-B0B4-6DFAEF83FAF6}.Debug|Any CPU.Build.0 = Debug|Any CPU
		{4376E77B-DE72-4702-B0B4-6DFAEF83FAF6}.Debug|x86.ActiveCfg = Debug|Any CPU
		{4376E77B-DE72-4702-B0B4-6DFAEF83FAF6}.Debug|x86.Build.0 = Debug|Any CPU
		{4376E77B-DE72-4702-B0B4-6DFAEF83FAF6}.Debug|x86.Deploy.0 = Debug|Any CPU
		{4376E77B-DE72-4702-B0B4-6DFAEF83FAF6}.Release|Any CPU.ActiveCfg = Release|Any CPU
		{4376E77B-DE72-4702-B0B4-6DFAEF83FAF6}.Release|Any CPU.Build.0 = Release|Any CPU
		{4376E77B-DE72-4702-B0B4-6DFAEF83FAF6}.Release|Any CPU.Deploy.0 = Release|Any CPU
		{4376E77B-DE72-4702-B0B4-6DFAEF83FAF6}.Release|x86.ActiveCfg = Release|Any CPU
		{4376E77B-DE72-4702-B0B4-6DFAEF83FAF6}.Release|x86.Build.0 = Release|Any CPU
		{4376E77B-DE72-4702-B0B4-6DFAEF83FAF6}.Release|x86.Deploy.0 = Release|Any CPU
		{90AAA259-56EA-494E-8FD5-C4CCEB8CC5B6}.Debug|Any CPU.ActiveCfg = Debug|Any CPU
		{90AAA259-56EA-494E-8FD5-C4CCEB8CC5B6}.Debug|Any CPU.Build.0 = Debug|Any CPU
		{90AAA259-56EA-494E-8FD5-C4CCEB8CC5B6}.Debug|x86.ActiveCfg = Debug|Any CPU
		{90AAA259-56EA-494E-8FD5-C4CCEB8CC5B6}.Debug|x86.Build.0 = Debug|Any CPU
		{90AAA259-56EA-494E-8FD5-C4CCEB8CC5B6}.Release|Any CPU.ActiveCfg = Release|Any CPU
		{90AAA259-56EA-494E-8FD5-C4CCEB8CC5B6}.Release|Any CPU.Build.0 = Release|Any CPU
		{90AAA259-56EA-494E-8FD5-C4CCEB8CC5B6}.Release|x86.ActiveCfg = Release|Any CPU
		{90AAA259-56EA-494E-8FD5-C4CCEB8CC5B6}.Release|x86.Build.0 = Release|Any CPU
		{28F62E8B-AFEF-4314-B230-6AC69970A1FE}.Debug|Any CPU.ActiveCfg = Debug|Any CPU
		{28F62E8B-AFEF-4314-B230-6AC69970A1FE}.Debug|Any CPU.Build.0 = Debug|Any CPU
		{28F62E8B-AFEF-4314-B230-6AC69970A1FE}.Debug|x86.ActiveCfg = Debug|Any CPU
		{28F62E8B-AFEF-4314-B230-6AC69970A1FE}.Debug|x86.Build.0 = Debug|Any CPU
		{28F62E8B-AFEF-4314-B230-6AC69970A1FE}.Release|Any CPU.ActiveCfg = Release|Any CPU
		{28F62E8B-AFEF-4314-B230-6AC69970A1FE}.Release|Any CPU.Build.0 = Release|Any CPU
		{28F62E8B-AFEF-4314-B230-6AC69970A1FE}.Release|x86.ActiveCfg = Release|Any CPU
		{28F62E8B-AFEF-4314-B230-6AC69970A1FE}.Release|x86.Build.0 = Release|Any CPU
		{90D845C9-1C32-4746-B3E6-7AA51373FF2E}.Debug|Any CPU.ActiveCfg = Debug|Any CPU
		{90D845C9-1C32-4746-B3E6-7AA51373FF2E}.Debug|Any CPU.Build.0 = Debug|Any CPU
		{90D845C9-1C32-4746-B3E6-7AA51373FF2E}.Debug|x86.ActiveCfg = Debug|Any CPU
		{90D845C9-1C32-4746-B3E6-7AA51373FF2E}.Debug|x86.Build.0 = Debug|Any CPU
		{90D845C9-1C32-4746-B3E6-7AA51373FF2E}.Release|Any CPU.ActiveCfg = Release|Any CPU
		{90D845C9-1C32-4746-B3E6-7AA51373FF2E}.Release|Any CPU.Build.0 = Release|Any CPU
		{90D845C9-1C32-4746-B3E6-7AA51373FF2E}.Release|x86.ActiveCfg = Release|Any CPU
		{90D845C9-1C32-4746-B3E6-7AA51373FF2E}.Release|x86.Build.0 = Release|Any CPU
		{8F6CC502-FF97-4D8A-B069-FDAB0C272C89}.Debug|Any CPU.ActiveCfg = Debug|Any CPU
		{8F6CC502-FF97-4D8A-B069-FDAB0C272C89}.Debug|Any CPU.Build.0 = Debug|Any CPU
		{8F6CC502-FF97-4D8A-B069-FDAB0C272C89}.Debug|x86.ActiveCfg = Debug|Any CPU
		{8F6CC502-FF97-4D8A-B069-FDAB0C272C89}.Debug|x86.Build.0 = Debug|Any CPU
		{8F6CC502-FF97-4D8A-B069-FDAB0C272C89}.Release|Any CPU.ActiveCfg = Release|Any CPU
		{8F6CC502-FF97-4D8A-B069-FDAB0C272C89}.Release|Any CPU.Build.0 = Release|Any CPU
		{8F6CC502-FF97-4D8A-B069-FDAB0C272C89}.Release|x86.ActiveCfg = Release|Any CPU
		{8F6CC502-FF97-4D8A-B069-FDAB0C272C89}.Release|x86.Build.0 = Release|Any CPU
		{4D85010F-28E7-4DA2-8196-2084B075C39D}.Debug|Any CPU.ActiveCfg = Debug|Any CPU
		{4D85010F-28E7-4DA2-8196-2084B075C39D}.Debug|Any CPU.Build.0 = Debug|Any CPU
		{4D85010F-28E7-4DA2-8196-2084B075C39D}.Debug|x86.ActiveCfg = Debug|Any CPU
		{4D85010F-28E7-4DA2-8196-2084B075C39D}.Debug|x86.Build.0 = Debug|Any CPU
		{4D85010F-28E7-4DA2-8196-2084B075C39D}.Release|Any CPU.ActiveCfg = Release|Any CPU
		{4D85010F-28E7-4DA2-8196-2084B075C39D}.Release|Any CPU.Build.0 = Release|Any CPU
		{4D85010F-28E7-4DA2-8196-2084B075C39D}.Release|x86.ActiveCfg = Release|Any CPU
		{4D85010F-28E7-4DA2-8196-2084B075C39D}.Release|x86.Build.0 = Release|Any CPU
		{FA8EE42F-31D0-4209-95B7-20F6DF16433F}.Debug|Any CPU.ActiveCfg = Debug|Any CPU
		{FA8EE42F-31D0-4209-95B7-20F6DF16433F}.Debug|Any CPU.Build.0 = Debug|Any CPU
		{FA8EE42F-31D0-4209-95B7-20F6DF16433F}.Debug|x86.ActiveCfg = Debug|Any CPU
		{FA8EE42F-31D0-4209-95B7-20F6DF16433F}.Debug|x86.Build.0 = Debug|Any CPU
		{FA8EE42F-31D0-4209-95B7-20F6DF16433F}.Release|Any CPU.ActiveCfg = Release|Any CPU
		{FA8EE42F-31D0-4209-95B7-20F6DF16433F}.Release|Any CPU.Build.0 = Release|Any CPU
		{FA8EE42F-31D0-4209-95B7-20F6DF16433F}.Release|x86.ActiveCfg = Release|Any CPU
		{FA8EE42F-31D0-4209-95B7-20F6DF16433F}.Release|x86.Build.0 = Release|Any CPU
		{2E8E0CC4-0BBA-42E6-AB5A-D601CF1AAA47}.Debug|Any CPU.ActiveCfg = Debug|Any CPU
		{2E8E0CC4-0BBA-42E6-AB5A-D601CF1AAA47}.Debug|Any CPU.Build.0 = Debug|Any CPU
		{2E8E0CC4-0BBA-42E6-AB5A-D601CF1AAA47}.Debug|x86.ActiveCfg = Debug|Any CPU
		{2E8E0CC4-0BBA-42E6-AB5A-D601CF1AAA47}.Debug|x86.Build.0 = Debug|Any CPU
		{2E8E0CC4-0BBA-42E6-AB5A-D601CF1AAA47}.Release|Any CPU.ActiveCfg = Release|Any CPU
		{2E8E0CC4-0BBA-42E6-AB5A-D601CF1AAA47}.Release|Any CPU.Build.0 = Release|Any CPU
		{2E8E0CC4-0BBA-42E6-AB5A-D601CF1AAA47}.Release|x86.ActiveCfg = Release|Any CPU
		{2E8E0CC4-0BBA-42E6-AB5A-D601CF1AAA47}.Release|x86.Build.0 = Release|Any CPU
		{5B3466CC-449F-4F35-A36C-B19D58AB108F}.Debug|Any CPU.ActiveCfg = Debug|Any CPU
		{5B3466CC-449F-4F35-A36C-B19D58AB108F}.Debug|Any CPU.Build.0 = Debug|Any CPU
		{5B3466CC-449F-4F35-A36C-B19D58AB108F}.Debug|x86.ActiveCfg = Debug|Any CPU
		{5B3466CC-449F-4F35-A36C-B19D58AB108F}.Debug|x86.Build.0 = Debug|Any CPU
		{5B3466CC-449F-4F35-A36C-B19D58AB108F}.Release|Any CPU.ActiveCfg = Release|Any CPU
		{5B3466CC-449F-4F35-A36C-B19D58AB108F}.Release|Any CPU.Build.0 = Release|Any CPU
		{5B3466CC-449F-4F35-A36C-B19D58AB108F}.Release|x86.ActiveCfg = Release|Any CPU
		{5B3466CC-449F-4F35-A36C-B19D58AB108F}.Release|x86.Build.0 = Release|Any CPU
		{E1E2BFAC-6318-4A5B-9DB0-42211ACB8880}.Debug|Any CPU.ActiveCfg = Debug|Any CPU
		{E1E2BFAC-6318-4A5B-9DB0-42211ACB8880}.Debug|Any CPU.Build.0 = Debug|Any CPU
		{E1E2BFAC-6318-4A5B-9DB0-42211ACB8880}.Debug|x86.ActiveCfg = Debug|Any CPU
		{E1E2BFAC-6318-4A5B-9DB0-42211ACB8880}.Debug|x86.Build.0 = Debug|Any CPU
		{E1E2BFAC-6318-4A5B-9DB0-42211ACB8880}.Release|Any CPU.ActiveCfg = Release|Any CPU
		{E1E2BFAC-6318-4A5B-9DB0-42211ACB8880}.Release|Any CPU.Build.0 = Release|Any CPU
		{E1E2BFAC-6318-4A5B-9DB0-42211ACB8880}.Release|x86.ActiveCfg = Release|Any CPU
		{E1E2BFAC-6318-4A5B-9DB0-42211ACB8880}.Release|x86.Build.0 = Release|Any CPU
		{957C0314-9224-45C2-B696-82983EE66C7B}.Debug|Any CPU.ActiveCfg = Debug|Any CPU
		{957C0314-9224-45C2-B696-82983EE66C7B}.Debug|Any CPU.Build.0 = Debug|Any CPU
		{957C0314-9224-45C2-B696-82983EE66C7B}.Debug|x86.ActiveCfg = Debug|Any CPU
		{957C0314-9224-45C2-B696-82983EE66C7B}.Debug|x86.Build.0 = Debug|Any CPU
		{957C0314-9224-45C2-B696-82983EE66C7B}.Release|Any CPU.ActiveCfg = Release|Any CPU
		{957C0314-9224-45C2-B696-82983EE66C7B}.Release|Any CPU.Build.0 = Release|Any CPU
		{957C0314-9224-45C2-B696-82983EE66C7B}.Release|x86.ActiveCfg = Release|Any CPU
		{957C0314-9224-45C2-B696-82983EE66C7B}.Release|x86.Build.0 = Release|Any CPU
		{D2C78AFF-501D-41A1-8EF1-7BE33BD5F689}.Debug|Any CPU.ActiveCfg = Debug|Any CPU
		{D2C78AFF-501D-41A1-8EF1-7BE33BD5F689}.Debug|Any CPU.Build.0 = Debug|Any CPU
		{D2C78AFF-501D-41A1-8EF1-7BE33BD5F689}.Debug|x86.ActiveCfg = Debug|Any CPU
		{D2C78AFF-501D-41A1-8EF1-7BE33BD5F689}.Debug|x86.Build.0 = Debug|Any CPU
		{D2C78AFF-501D-41A1-8EF1-7BE33BD5F689}.Release|Any CPU.ActiveCfg = Release|Any CPU
		{D2C78AFF-501D-41A1-8EF1-7BE33BD5F689}.Release|Any CPU.Build.0 = Release|Any CPU
		{D2C78AFF-501D-41A1-8EF1-7BE33BD5F689}.Release|x86.ActiveCfg = Release|Any CPU
		{D2C78AFF-501D-41A1-8EF1-7BE33BD5F689}.Release|x86.Build.0 = Release|Any CPU
		{8C3997F4-26E4-419F-958D-6DBF18D5D0DD}.Debug|Any CPU.ActiveCfg = Debug|Any CPU
		{8C3997F4-26E4-419F-958D-6DBF18D5D0DD}.Debug|Any CPU.Build.0 = Debug|Any CPU
		{8C3997F4-26E4-419F-958D-6DBF18D5D0DD}.Debug|x86.ActiveCfg = Debug|Any CPU
		{8C3997F4-26E4-419F-958D-6DBF18D5D0DD}.Debug|x86.Build.0 = Debug|Any CPU
		{8C3997F4-26E4-419F-958D-6DBF18D5D0DD}.Release|Any CPU.ActiveCfg = Release|Any CPU
		{8C3997F4-26E4-419F-958D-6DBF18D5D0DD}.Release|Any CPU.Build.0 = Release|Any CPU
		{8C3997F4-26E4-419F-958D-6DBF18D5D0DD}.Release|x86.ActiveCfg = Release|Any CPU
		{8C3997F4-26E4-419F-958D-6DBF18D5D0DD}.Release|x86.Build.0 = Release|Any CPU
		{661FFBF2-17A1-4A10-85F7-9A13B6CFD9FB}.Debug|Any CPU.ActiveCfg = Debug|Any CPU
		{661FFBF2-17A1-4A10-85F7-9A13B6CFD9FB}.Debug|x86.ActiveCfg = Debug|Any CPU
		{661FFBF2-17A1-4A10-85F7-9A13B6CFD9FB}.Debug|x86.Build.0 = Debug|Any CPU
		{661FFBF2-17A1-4A10-85F7-9A13B6CFD9FB}.Release|Any CPU.ActiveCfg = Release|Any CPU
		{661FFBF2-17A1-4A10-85F7-9A13B6CFD9FB}.Release|Any CPU.Build.0 = Release|Any CPU
		{661FFBF2-17A1-4A10-85F7-9A13B6CFD9FB}.Release|x86.ActiveCfg = Release|Any CPU
		{661FFBF2-17A1-4A10-85F7-9A13B6CFD9FB}.Release|x86.Build.0 = Release|Any CPU
		{6449F706-F9DE-4D57-A06A-6EDE3E9572F5}.Debug|Any CPU.ActiveCfg = Debug|Any CPU
		{6449F706-F9DE-4D57-A06A-6EDE3E9572F5}.Debug|Any CPU.Build.0 = Debug|Any CPU
		{6449F706-F9DE-4D57-A06A-6EDE3E9572F5}.Debug|x86.ActiveCfg = Debug|Any CPU
		{6449F706-F9DE-4D57-A06A-6EDE3E9572F5}.Debug|x86.Build.0 = Debug|Any CPU
		{6449F706-F9DE-4D57-A06A-6EDE3E9572F5}.Release|Any CPU.ActiveCfg = Release|Any CPU
		{6449F706-F9DE-4D57-A06A-6EDE3E9572F5}.Release|Any CPU.Build.0 = Release|Any CPU
		{6449F706-F9DE-4D57-A06A-6EDE3E9572F5}.Release|x86.ActiveCfg = Release|Any CPU
		{6449F706-F9DE-4D57-A06A-6EDE3E9572F5}.Release|x86.Build.0 = Release|Any CPU
		{44432590-AF5A-44BF-82C7-4076486B11A5}.Debug|Any CPU.ActiveCfg = Debug|Any CPU
		{44432590-AF5A-44BF-82C7-4076486B11A5}.Debug|Any CPU.Build.0 = Debug|Any CPU
		{44432590-AF5A-44BF-82C7-4076486B11A5}.Debug|x86.ActiveCfg = Debug|Any CPU
		{44432590-AF5A-44BF-82C7-4076486B11A5}.Debug|x86.Build.0 = Debug|Any CPU
		{44432590-AF5A-44BF-82C7-4076486B11A5}.Release|Any CPU.ActiveCfg = Release|Any CPU
		{44432590-AF5A-44BF-82C7-4076486B11A5}.Release|Any CPU.Build.0 = Release|Any CPU
		{44432590-AF5A-44BF-82C7-4076486B11A5}.Release|x86.ActiveCfg = Release|Any CPU
		{44432590-AF5A-44BF-82C7-4076486B11A5}.Release|x86.Build.0 = Release|Any CPU
	EndGlobalSection
	GlobalSection(SolutionProperties) = preSolution
		HideSolutionNode = FALSE
	EndGlobalSection
	GlobalSection(ExtensibilityGlobals) = postSolution
		SolutionGuid = {B6E01A40-5114-4642-8ED0-8839ACAA4AB0}
	EndGlobalSection
EndGlobal
